
Microsoft Visual Studio Solution File, Format Version 12.00
# Visual Studio 15
VisualStudioVersion = 15.0.26730.12
MinimumVisualStudioVersion = 10.0.40219.1
Project("{FAE04EC0-301F-11D3-BF4B-00C04F79EFBC}") = "CoreAnimation", "CoreAnimation\CoreAnimation.csproj", "{B2E7B397-E2F5-4D22-8266-0B14A812441D}"
EndProject
Global
	GlobalSection(SolutionConfigurationPlatforms) = preSolution
		Debug|Any CPU = Debug|Any CPU
		Debug|ARM = Debug|ARM
		Debug|x64 = Debug|x64
		Debug|x86 = Debug|x86
		Release|Any CPU = Release|Any CPU
		Release|ARM = Release|ARM
		Release|x64 = Release|x64
		Release|x86 = Release|x86
	EndGlobalSection
	GlobalSection(ProjectConfigurationPlatforms) = postSolution
		{B2E7B397-E2F5-4D22-8266-0B14A812441D}.Debug|Any CPU.ActiveCfg = Debug|Any CPU
		{B2E7B397-E2F5-4D22-8266-0B14A812441D}.Debug|Any CPU.Build.0 = Debug|Any CPU
		{B2E7B397-E2F5-4D22-8266-0B14A812441D}.Debug|ARM.ActiveCfg = Debug|ARM
		{B2E7B397-E2F5-4D22-8266-0B14A812441D}.Debug|ARM.Build.0 = Debug|ARM
		{B2E7B397-E2F5-4D22-8266-0B14A812441D}.Debug|x64.ActiveCfg = Debug|x64
		{B2E7B397-E2F5-4D22-8266-0B14A812441D}.Debug|x64.Build.0 = Debug|x64
		{B2E7B397-E2F5-4D22-8266-0B14A812441D}.Debug|x86.ActiveCfg = Debug|x86
		{B2E7B397-E2F5-4D22-8266-0B14A812441D}.Debug|x86.Build.0 = Debug|x86
		{B2E7B397-E2F5-4D22-8266-0B14A812441D}.Release|Any CPU.ActiveCfg = Release|Any CPU
		{B2E7B397-E2F5-4D22-8266-0B14A812441D}.Release|Any CPU.Build.0 = Release|Any CPU
		{B2E7B397-E2F5-4D22-8266-0B14A812441D}.Release|ARM.ActiveCfg = Release|ARM
		{B2E7B397-E2F5-4D22-8266-0B14A812441D}.Release|ARM.Build.0 = Release|ARM
		{B2E7B397-E2F5-4D22-8266-0B14A812441D}.Release|x64.ActiveCfg = Release|x64
		{B2E7B397-E2F5-4D22-8266-0B14A812441D}.Release|x64.Build.0 = Release|x64
		{B2E7B397-E2F5-4D22-8266-0B14A812441D}.Release|x86.ActiveCfg = Release|x86
		{B2E7B397-E2F5-4D22-8266-0B14A812441D}.Release|x86.Build.0 = Release|x86
	EndGlobalSection
	GlobalSection(SolutionProperties) = preSolution
		HideSolutionNode = FALSE
	EndGlobalSection
	GlobalSection(ExtensibilityGlobals) = postSolution
		SolutionGuid = {B0F57141-6A32-4F7D-ABB1-242C46C32EFF}
	EndGlobalSection
EndGlobal
